// !$*UTF8*$!
{
	archiveVersion = 1;
	classes = {
	};
	objectVersion = 56;
	objects = {

/* Begin PBXBuildFile section */
		8C138DD92A7D0F3200736E3C /* NetworkService.swift in Sources */ = {isa = PBXBuildFile; fileRef = 8C138DD82A7D0F3200736E3C /* NetworkService.swift */; };
		8C138DDB2A7D0F5900736E3C /* viewModel.swift in Sources */ = {isa = PBXBuildFile; fileRef = 8C138DDA2A7D0F5900736E3C /* viewModel.swift */; };
		8C138DDD2A7D104100736E3C /* recipeData.swift in Sources */ = {isa = PBXBuildFile; fileRef = 8C138DDC2A7D104100736E3C /* recipeData.swift */; };
		8C21FEAB2A7D55E600A4C316 /* DetailsVC.swift in Sources */ = {isa = PBXBuildFile; fileRef = 8C21FEAA2A7D55E500A4C316 /* DetailsVC.swift */; };
		8C21FEAD2A7D55F200A4C316 /* Details.storyboard in Resources */ = {isa = PBXBuildFile; fileRef = 8C21FEAC2A7D55F200A4C316 /* Details.storyboard */; };
		8C21FEB02A7D6C7E00A4C316 /* LogInVC.swift in Sources */ = {isa = PBXBuildFile; fileRef = 8C21FEAF2A7D6C7E00A4C316 /* LogInVC.swift */; };
		8C21FEB22A7D6C8B00A4C316 /* LogIn.storyboard in Resources */ = {isa = PBXBuildFile; fileRef = 8C21FEB12A7D6C8B00A4C316 /* LogIn.storyboard */; };
		8C21FEB52A7D6F0500A4C316 /* TextField.swift in Sources */ = {isa = PBXBuildFile; fileRef = 8C21FEB42A7D6F0500A4C316 /* TextField.swift */; };
		8C5F34882A7C1F3900E09D43 /* AppDelegate.swift in Sources */ = {isa = PBXBuildFile; fileRef = 8C5F34872A7C1F3900E09D43 /* AppDelegate.swift */; };
		8C5F348A2A7C1F3900E09D43 /* SceneDelegate.swift in Sources */ = {isa = PBXBuildFile; fileRef = 8C5F34892A7C1F3900E09D43 /* SceneDelegate.swift */; };
		8C5F348C2A7C1F3900E09D43 /* ListVC.swift in Sources */ = {isa = PBXBuildFile; fileRef = 8C5F348B2A7C1F3900E09D43 /* ListVC.swift */; };
		8C5F348F2A7C1F3900E09D43 /* List.storyboard in Resources */ = {isa = PBXBuildFile; fileRef = 8C5F348D2A7C1F3900E09D43 /* List.storyboard */; };
		8C5F34912A7C1F4000E09D43 /* Assets.xcassets in Resources */ = {isa = PBXBuildFile; fileRef = 8C5F34902A7C1F4000E09D43 /* Assets.xcassets */; };
		8C5F34942A7C1F4000E09D43 /* LaunchScreen.storyboard in Resources */ = {isa = PBXBuildFile; fileRef = 8C5F34922A7C1F4000E09D43 /* LaunchScreen.storyboard */; };
		8C5F34A12A7C29E200E09D43 /* ListVCEXT.swift in Sources */ = {isa = PBXBuildFile; fileRef = 8C5F34A02A7C29E200E09D43 /* ListVCEXT.swift */; };
		8C5F34A32A7C2A2E00E09D43 /* recipe.swift in Sources */ = {isa = PBXBuildFile; fileRef = 8C5F34A22A7C2A2E00E09D43 /* recipe.swift */; };
		8C5F34A72A7C2E2700E09D43 /* RecipeTableViewCell.swift in Sources */ = {isa = PBXBuildFile; fileRef = 8C5F34A62A7C2E2700E09D43 /* RecipeTableViewCell.swift */; };
		CE4F6871D031F96F5C496284 /* Pods_reciptApp.framework in Frameworks */ = {isa = PBXBuildFile; fileRef = 80E5E0E006DE91E64F877542 /* Pods_reciptApp.framework */; };
/* End PBXBuildFile section */

/* Begin PBXFileReference section */
		80E5E0E006DE91E64F877542 /* Pods_reciptApp.framework */ = {isa = PBXFileReference; explicitFileType = wrapper.framework; includeInIndex = 0; path = Pods_reciptApp.framework; sourceTree = BUILT_PRODUCTS_DIR; };
		8C138DD82A7D0F3200736E3C /* NetworkService.swift */ = {isa = PBXFileReference; fileEncoding = 4; lastKnownFileType = sourcecode.swift; path = NetworkService.swift; sourceTree = "<group>"; };
		8C138DDA2A7D0F5900736E3C /* viewModel.swift */ = {isa = PBXFileReference; lastKnownFileType = sourcecode.swift; path = viewModel.swift; sourceTree = "<group>"; };
		8C138DDC2A7D104100736E3C /* recipeData.swift */ = {isa = PBXFileReference; lastKnownFileType = sourcecode.swift; path = recipeData.swift; sourceTree = "<group>"; };
		8C21FEAA2A7D55E500A4C316 /* DetailsVC.swift */ = {isa = PBXFileReference; lastKnownFileType = sourcecode.swift; path = DetailsVC.swift; sourceTree = "<group>"; };
		8C21FEAC2A7D55F200A4C316 /* Details.storyboard */ = {isa = PBXFileReference; lastKnownFileType = file.storyboard; path = Details.storyboard; sourceTree = "<group>"; };
		8C21FEAF2A7D6C7E00A4C316 /* LogInVC.swift */ = {isa = PBXFileReference; lastKnownFileType = sourcecode.swift; path = LogInVC.swift; sourceTree = "<group>"; };
		8C21FEB12A7D6C8B00A4C316 /* LogIn.storyboard */ = {isa = PBXFileReference; lastKnownFileType = file.storyboard; path = LogIn.storyboard; sourceTree = "<group>"; };
		8C21FEB42A7D6F0500A4C316 /* TextField.swift */ = {isa = PBXFileReference; lastKnownFileType = sourcecode.swift; path = TextField.swift; sourceTree = "<group>"; };
		8C5F34842A7C1F3900E09D43 /* reciptApp.app */ = {isa = PBXFileReference; explicitFileType = wrapper.application; includeInIndex = 0; path = reciptApp.app; sourceTree = BUILT_PRODUCTS_DIR; };
		8C5F34872A7C1F3900E09D43 /* AppDelegate.swift */ = {isa = PBXFileReference; lastKnownFileType = sourcecode.swift; path = AppDelegate.swift; sourceTree = "<group>"; };
		8C5F34892A7C1F3900E09D43 /* SceneDelegate.swift */ = {isa = PBXFileReference; lastKnownFileType = sourcecode.swift; path = SceneDelegate.swift; sourceTree = "<group>"; };
		8C5F348B2A7C1F3900E09D43 /* ListVC.swift */ = {isa = PBXFileReference; lastKnownFileType = sourcecode.swift; path = ListVC.swift; sourceTree = "<group>"; };
		8C5F348E2A7C1F3900E09D43 /* Base */ = {isa = PBXFileReference; lastKnownFileType = file.storyboard; name = Base; path = Base.lproj/List.storyboard; sourceTree = "<group>"; };
		8C5F34902A7C1F4000E09D43 /* Assets.xcassets */ = {isa = PBXFileReference; lastKnownFileType = folder.assetcatalog; path = Assets.xcassets; sourceTree = "<group>"; };
		8C5F34932A7C1F4000E09D43 /* Base */ = {isa = PBXFileReference; lastKnownFileType = file.storyboard; name = Base; path = Base.lproj/LaunchScreen.storyboard; sourceTree = "<group>"; };
		8C5F34952A7C1F4000E09D43 /* Info.plist */ = {isa = PBXFileReference; lastKnownFileType = text.plist.xml; path = Info.plist; sourceTree = "<group>"; };
		8C5F34A02A7C29E200E09D43 /* ListVCEXT.swift */ = {isa = PBXFileReference; lastKnownFileType = sourcecode.swift; path = ListVCEXT.swift; sourceTree = "<group>"; };
		8C5F34A22A7C2A2E00E09D43 /* recipe.swift */ = {isa = PBXFileReference; lastKnownFileType = sourcecode.swift; path = recipe.swift; sourceTree = "<group>"; };
		8C5F34A62A7C2E2700E09D43 /* RecipeTableViewCell.swift */ = {isa = PBXFileReference; lastKnownFileType = sourcecode.swift; path = RecipeTableViewCell.swift; sourceTree = "<group>"; };
		A12AFE12E280BBDB488BAFEC /* Pods-reciptApp.debug.xcconfig */ = {isa = PBXFileReference; includeInIndex = 1; lastKnownFileType = text.xcconfig; name = "Pods-reciptApp.debug.xcconfig"; path = "Target Support Files/Pods-reciptApp/Pods-reciptApp.debug.xcconfig"; sourceTree = "<group>"; };
		F9B235D4007EA868DAA0DDA8 /* Pods-reciptApp.release.xcconfig */ = {isa = PBXFileReference; includeInIndex = 1; lastKnownFileType = text.xcconfig; name = "Pods-reciptApp.release.xcconfig"; path = "Target Support Files/Pods-reciptApp/Pods-reciptApp.release.xcconfig"; sourceTree = "<group>"; };
/* End PBXFileReference section */

/* Begin PBXFrameworksBuildPhase section */
		8C5F34812A7C1F3900E09D43 /* Frameworks */ = {
			isa = PBXFrameworksBuildPhase;
			buildActionMask = 2147483647;
			files = (
				CE4F6871D031F96F5C496284 /* Pods_reciptApp.framework in Frameworks */,
			);
			runOnlyForDeploymentPostprocessing = 0;
		};
/* End PBXFrameworksBuildPhase section */

/* Begin PBXGroup section */
		81CE717E137AFC8619CA01EF /* Frameworks */ = {
			isa = PBXGroup;
			children = (
				80E5E0E006DE91E64F877542 /* Pods_reciptApp.framework */,
			);
			name = Frameworks;
			sourceTree = "<group>";
		};
		8C21FEA92A7D55B300A4C316 /* DetailsScreen */ = {
			isa = PBXGroup;
			children = (
				8C21FEAA2A7D55E500A4C316 /* DetailsVC.swift */,
				8C21FEAC2A7D55F200A4C316 /* Details.storyboard */,
			);
			path = DetailsScreen;
			sourceTree = "<group>";
		};
		8C21FEAE2A7D6C5E00A4C316 /* LogInScreen */ = {
			isa = PBXGroup;
			children = (
				8C21FEAF2A7D6C7E00A4C316 /* LogInVC.swift */,
				8C21FEB12A7D6C8B00A4C316 /* LogIn.storyboard */,
			);
			path = LogInScreen;
			sourceTree = "<group>";
		};
		8C21FEB32A7D6EF300A4C316 /* EXT */ = {
			isa = PBXGroup;
			children = (
				8C21FEB42A7D6F0500A4C316 /* TextField.swift */,
			);
			path = EXT;
			sourceTree = "<group>";
		};
		8C5F347B2A7C1F3900E09D43 = {
			isa = PBXGroup;
			children = (
				8C5F34862A7C1F3900E09D43 /* reciptApp */,
				8C5F34852A7C1F3900E09D43 /* Products */,
				B51690EA06DB672D16C7E122 /* Pods */,
				81CE717E137AFC8619CA01EF /* Frameworks */,
			);
			sourceTree = "<group>";
		};
		8C5F34852A7C1F3900E09D43 /* Products */ = {
			isa = PBXGroup;
			children = (
				8C5F34842A7C1F3900E09D43 /* reciptApp.app */,
			);
			name = Products;
			sourceTree = "<group>";
		};
		8C5F34862A7C1F3900E09D43 /* reciptApp */ = {
			isa = PBXGroup;
			children = (
				8C21FEB32A7D6EF300A4C316 /* EXT */,
				8C5F349C2A7C20FF00E09D43 /* Model */,
				8C5F349E2A7C211600E09D43 /* View */,
				8C5F349D2A7C210700E09D43 /* ViewModel */,
				8C5F349B2A7C20EE00E09D43 /* Resources */,
				8C5F34902A7C1F4000E09D43 /* Assets.xcassets */,
				8C5F34922A7C1F4000E09D43 /* LaunchScreen.storyboard */,
				8C5F34952A7C1F4000E09D43 /* Info.plist */,
			);
			path = reciptApp;
			sourceTree = "<group>";
		};
		8C5F349B2A7C20EE00E09D43 /* Resources */ = {
			isa = PBXGroup;
			children = (
				8C5F34872A7C1F3900E09D43 /* AppDelegate.swift */,
				8C5F34892A7C1F3900E09D43 /* SceneDelegate.swift */,
			);
			path = Resources;
			sourceTree = "<group>";
		};
		8C5F349C2A7C20FF00E09D43 /* Model */ = {
			isa = PBXGroup;
			children = (
				8C138DD82A7D0F3200736E3C /* NetworkService.swift */,
				8C5F34A22A7C2A2E00E09D43 /* recipe.swift */,
				8C138DDC2A7D104100736E3C /* recipeData.swift */,
			);
			path = Model;
			sourceTree = "<group>";
		};
		8C5F349D2A7C210700E09D43 /* ViewModel */ = {
			isa = PBXGroup;
			children = (
				8C138DDA2A7D0F5900736E3C /* viewModel.swift */,
			);
			path = ViewModel;
			sourceTree = "<group>";
		};
		8C5F349E2A7C211600E09D43 /* View */ = {
			isa = PBXGroup;
			children = (
				8C21FEAE2A7D6C5E00A4C316 /* LogInScreen */,
				8C21FEA92A7D55B300A4C316 /* DetailsScreen */,
				8C5F349F2A7C212300E09D43 /* ListScreen */,
			);
			path = View;
			sourceTree = "<group>";
		};
		8C5F349F2A7C212300E09D43 /* ListScreen */ = {
			isa = PBXGroup;
			children = (
				8C5F348D2A7C1F3900E09D43 /* List.storyboard */,
				8C5F348B2A7C1F3900E09D43 /* ListVC.swift */,
				8C5F34A02A7C29E200E09D43 /* ListVCEXT.swift */,
				8C5F34A62A7C2E2700E09D43 /* RecipeTableViewCell.swift */,
			);
			path = ListScreen;
			sourceTree = "<group>";
		};
		B51690EA06DB672D16C7E122 /* Pods */ = {
			isa = PBXGroup;
			children = (
				A12AFE12E280BBDB488BAFEC /* Pods-reciptApp.debug.xcconfig */,
				F9B235D4007EA868DAA0DDA8 /* Pods-reciptApp.release.xcconfig */,
			);
			path = Pods;
			sourceTree = "<group>";
		};
/* End PBXGroup section */

/* Begin PBXNativeTarget section */
		8C5F34832A7C1F3900E09D43 /* reciptApp */ = {
			isa = PBXNativeTarget;
			buildConfigurationList = 8C5F34982A7C1F4000E09D43 /* Build configuration list for PBXNativeTarget "reciptApp" */;
			buildPhases = (
				8E857D9166271064F6252E2F /* [CP] Check Pods Manifest.lock */,
				8C5F34802A7C1F3900E09D43 /* Sources */,
				8C5F34812A7C1F3900E09D43 /* Frameworks */,
				8C5F34822A7C1F3900E09D43 /* Resources */,
				AC417831F69F69D2E4847531 /* [CP] Embed Pods Frameworks */,
			);
			buildRules = (
			);
			dependencies = (
			);
			name = reciptApp;
			productName = reciptApp;
			productReference = 8C5F34842A7C1F3900E09D43 /* reciptApp.app */;
			productType = "com.apple.product-type.application";
		};
/* End PBXNativeTarget section */

/* Begin PBXProject section */
		8C5F347C2A7C1F3900E09D43 /* Project object */ = {
			isa = PBXProject;
			attributes = {
				BuildIndependentTargetsInParallel = 1;
				LastSwiftUpdateCheck = 1420;
				LastUpgradeCheck = 1420;
				TargetAttributes = {
					8C5F34832A7C1F3900E09D43 = {
						CreatedOnToolsVersion = 14.2;
					};
				};
			};
			buildConfigurationList = 8C5F347F2A7C1F3900E09D43 /* Build configuration list for PBXProject "reciptApp" */;
			compatibilityVersion = "Xcode 14.0";
			developmentRegion = en;
			hasScannedForEncodings = 0;
			knownRegions = (
				en,
				Base,
			);
			mainGroup = 8C5F347B2A7C1F3900E09D43;
			productRefGroup = 8C5F34852A7C1F3900E09D43 /* Products */;
			projectDirPath = "";
			projectRoot = "";
			targets = (
				8C5F34832A7C1F3900E09D43 /* reciptApp */,
			);
		};
/* End PBXProject section */

/* Begin PBXResourcesBuildPhase section */
		8C5F34822A7C1F3900E09D43 /* Resources */ = {
			isa = PBXResourcesBuildPhase;
			buildActionMask = 2147483647;
			files = (
				8C5F34942A7C1F4000E09D43 /* LaunchScreen.storyboard in Resources */,
				8C5F34912A7C1F4000E09D43 /* Assets.xcassets in Resources */,
				8C5F348F2A7C1F3900E09D43 /* List.storyboard in Resources */,
				8C21FEAD2A7D55F200A4C316 /* Details.storyboard in Resources */,
				8C21FEB22A7D6C8B00A4C316 /* LogIn.storyboard in Resources */,
			);
			runOnlyForDeploymentPostprocessing = 0;
		};
/* End PBXResourcesBuildPhase section */

/* Begin PBXShellScriptBuildPhase section */
		8E857D9166271064F6252E2F /* [CP] Check Pods Manifest.lock */ = {
			isa = PBXShellScriptBuildPhase;
			buildActionMask = 2147483647;
			files = (
			);
			inputFileListPaths = (
			);
			inputPaths = (
				"${PODS_PODFILE_DIR_PATH}/Podfile.lock",
				"${PODS_ROOT}/Manifest.lock",
			);
			name = "[CP] Check Pods Manifest.lock";
			outputFileListPaths = (
			);
			outputPaths = (
				"$(DERIVED_FILE_DIR)/Pods-reciptApp-checkManifestLockResult.txt",
			);
			runOnlyForDeploymentPostprocessing = 0;
			shellPath = /bin/sh;
			shellScript = "diff \"${PODS_PODFILE_DIR_PATH}/Podfile.lock\" \"${PODS_ROOT}/Manifest.lock\" > /dev/null\nif [ $? != 0 ] ; then\n    # print error to STDERR\n    echo \"error: The sandbox is not in sync with the Podfile.lock. Run 'pod install' or update your CocoaPods installation.\" >&2\n    exit 1\nfi\n# This output is used by Xcode 'outputs' to avoid re-running this script phase.\necho \"SUCCESS\" > \"${SCRIPT_OUTPUT_FILE_0}\"\n";
			showEnvVarsInLog = 0;
		};
		AC417831F69F69D2E4847531 /* [CP] Embed Pods Frameworks */ = {
			isa = PBXShellScriptBuildPhase;
			buildActionMask = 2147483647;
			files = (
			);
			inputFileListPaths = (
				"${PODS_ROOT}/Target Support Files/Pods-reciptApp/Pods-reciptApp-frameworks-${CONFIGURATION}-input-files.xcfilelist",
			);
			name = "[CP] Embed Pods Frameworks";
			outputFileListPaths = (
				"${PODS_ROOT}/Target Support Files/Pods-reciptApp/Pods-reciptApp-frameworks-${CONFIGURATION}-output-files.xcfilelist",
			);
			runOnlyForDeploymentPostprocessing = 0;
			shellPath = /bin/sh;
			shellScript = "\"${PODS_ROOT}/Target Support Files/Pods-reciptApp/Pods-reciptApp-frameworks.sh\"\n";
			showEnvVarsInLog = 0;
		};
/* End PBXShellScriptBuildPhase section */

/* Begin PBXSourcesBuildPhase section */
		8C5F34802A7C1F3900E09D43 /* Sources */ = {
			isa = PBXSourcesBuildPhase;
			buildActionMask = 2147483647;
			files = (
				8C5F34A12A7C29E200E09D43 /* ListVCEXT.swift in Sources */,
				8C138DDD2A7D104100736E3C /* recipeData.swift in Sources */,
				8C5F348C2A7C1F3900E09D43 /* ListVC.swift in Sources */,
				8C21FEB52A7D6F0500A4C316 /* TextField.swift in Sources */,
				8C5F34882A7C1F3900E09D43 /* AppDelegate.swift in Sources */,
				8C5F34A72A7C2E2700E09D43 /* RecipeTableViewCell.swift in Sources */,
				8C5F348A2A7C1F3900E09D43 /* SceneDelegate.swift in Sources */,
				8C5F34A32A7C2A2E00E09D43 /* recipe.swift in Sources */,
				8C138DDB2A7D0F5900736E3C /* viewModel.swift in Sources */,
				8C21FEB02A7D6C7E00A4C316 /* LogInVC.swift in Sources */,
				8C138DD92A7D0F3200736E3C /* NetworkService.swift in Sources */,
				8C21FEAB2A7D55E600A4C316 /* DetailsVC.swift in Sources */,
			);
			runOnlyForDeploymentPostprocessing = 0;
		};
/* End PBXSourcesBuildPhase section */

/* Begin PBXVariantGroup section */
		8C5F348D2A7C1F3900E09D43 /* List.storyboard */ = {
			isa = PBXVariantGroup;
			children = (
				8C5F348E2A7C1F3900E09D43 /* Base */,
			);
			name = List.storyboard;
			sourceTree = "<group>";
		};
		8C5F34922A7C1F4000E09D43 /* LaunchScreen.storyboard */ = {
			isa = PBXVariantGroup;
			children = (
				8C5F34932A7C1F4000E09D43 /* Base */,
			);
			name = LaunchScreen.storyboard;
			sourceTree = "<group>";
		};
/* End PBXVariantGroup section */

/* Begin XCBuildConfiguration section */
		8C5F34962A7C1F4000E09D43 /* Debug */ = {
			isa = XCBuildConfiguration;
			buildSettings = {
				ALWAYS_SEARCH_USER_PATHS = NO;
				CLANG_ANALYZER_NONNULL = YES;
				CLANG_ANALYZER_NUMBER_OBJECT_CONVERSION = YES_AGGRESSIVE;
				CLANG_CXX_LANGUAGE_STANDARD = "gnu++20";
				CLANG_ENABLE_MODULES = YES;
				CLANG_ENABLE_OBJC_ARC = YES;
				CLANG_ENABLE_OBJC_WEAK = YES;
				CLANG_WARN_BLOCK_CAPTURE_AUTORELEASING = YES;
				CLANG_WARN_BOOL_CONVERSION = YES;
				CLANG_WARN_COMMA = YES;
				CLANG_WARN_CONSTANT_CONVERSION = YES;
				CLANG_WARN_DEPRECATED_OBJC_IMPLEMENTATIONS = YES;
				CLANG_WARN_DIRECT_OBJC_ISA_USAGE = YES_ERROR;
				CLANG_WARN_DOCUMENTATION_COMMENTS = YES;
				CLANG_WARN_EMPTY_BODY = YES;
				CLANG_WARN_ENUM_CONVERSION = YES;
				CLANG_WARN_INFINITE_RECURSION = YES;
				CLANG_WARN_INT_CONVERSION = YES;
				CLANG_WARN_NON_LITERAL_NULL_CONVERSION = YES;
				CLANG_WARN_OBJC_IMPLICIT_RETAIN_SELF = YES;
				CLANG_WARN_OBJC_LITERAL_CONVERSION = YES;
				CLANG_WARN_OBJC_ROOT_CLASS = YES_ERROR;
				CLANG_WARN_QUOTED_INCLUDE_IN_FRAMEWORK_HEADER = YES;
				CLANG_WARN_RANGE_LOOP_ANALYSIS = YES;
				CLANG_WARN_STRICT_PROTOTYPES = YES;
				CLANG_WARN_SUSPICIOUS_MOVE = YES;
				CLANG_WARN_UNGUARDED_AVAILABILITY = YES_AGGRESSIVE;
				CLANG_WARN_UNREACHABLE_CODE = YES;
				CLANG_WARN__DUPLICATE_METHOD_MATCH = YES;
				COPY_PHASE_STRIP = NO;
				DEBUG_INFORMATION_FORMAT = dwarf;
				ENABLE_STRICT_OBJC_MSGSEND = YES;
				ENABLE_TESTABILITY = YES;
				GCC_C_LANGUAGE_STANDARD = gnu11;
				GCC_DYNAMIC_NO_PIC = NO;
				GCC_NO_COMMON_BLOCKS = YES;
				GCC_OPTIMIZATION_LEVEL = 0;
				GCC_PREPROCESSOR_DEFINITIONS = (
					"DEBUG=1",
					"$(inherited)",
				);
				GCC_WARN_64_TO_32_BIT_CONVERSION = YES;
				GCC_WARN_ABOUT_RETURN_TYPE = YES_ERROR;
				GCC_WARN_UNDECLARED_SELECTOR = YES;
				GCC_WARN_UNINITIALIZED_AUTOS = YES_AGGRESSIVE;
				GCC_WARN_UNUSED_FUNCTION = YES;
				GCC_WARN_UNUSED_VARIABLE = YES;
				IPHONEOS_DEPLOYMENT_TARGET = 16.2;
				MTL_ENABLE_DEBUG_INFO = INCLUDE_SOURCE;
				MTL_FAST_MATH = YES;
				ONLY_ACTIVE_ARCH = YES;
				SDKROOT = iphoneos;
				SWIFT_ACTIVE_COMPILATION_CONDITIONS = DEBUG;
				SWIFT_OPTIMIZATION_LEVEL = "-Onone";
			};
			name = Debug;
		};
		8C5F34972A7C1F4000E09D43 /* Release */ = {
			isa = XCBuildConfiguration;
			buildSettings = {
				ALWAYS_SEARCH_USER_PATHS = NO;
				CLANG_ANALYZER_NONNULL = YES;
				CLANG_ANALYZER_NUMBER_OBJECT_CONVERSION = YES_AGGRESSIVE;
				CLANG_CXX_LANGUAGE_STANDARD = "gnu++20";
				CLANG_ENABLE_MODULES = YES;
				CLANG_ENABLE_OBJC_ARC = YES;
				CLANG_ENABLE_OBJC_WEAK = YES;
				CLANG_WARN_BLOCK_CAPTURE_AUTORELEASING = YES;
				CLANG_WARN_BOOL_CONVERSION = YES;
				CLANG_WARN_COMMA = YES;
				CLANG_WARN_CONSTANT_CONVERSION = YES;
				CLANG_WARN_DEPRECATED_OBJC_IMPLEMENTATIONS = YES;
				CLANG_WARN_DIRECT_OBJC_ISA_USAGE = YES_ERROR;
				CLANG_WARN_DOCUMENTATION_COMMENTS = YES;
				CLANG_WARN_EMPTY_BODY = YES;
				CLANG_WARN_ENUM_CONVERSION = YES;
				CLANG_WARN_INFINITE_RECURSION = YES;
				CLANG_WARN_INT_CONVERSION = YES;
				CLANG_WARN_NON_LITERAL_NULL_CONVERSION = YES;
				CLANG_WARN_OBJC_IMPLICIT_RETAIN_SELF = YES;
				CLANG_WARN_OBJC_LITERAL_CONVERSION = YES;
				CLANG_WARN_OBJC_ROOT_CLASS = YES_ERROR;
				CLANG_WARN_QUOTED_INCLUDE_IN_FRAMEWORK_HEADER = YES;
				CLANG_WARN_RANGE_LOOP_ANALYSIS = YES;
				CLANG_WARN_STRICT_PROTOTYPES = YES;
				CLANG_WARN_SUSPICIOUS_MOVE = YES;
				CLANG_WARN_UNGUARDED_AVAILABILITY = YES_AGGRESSIVE;
				CLANG_WARN_UNREACHABLE_CODE = YES;
				CLANG_WARN__DUPLICATE_METHOD_MATCH = YES;
				COPY_PHASE_STRIP = NO;
				DEBUG_INFORMATION_FORMAT = "dwarf-with-dsym";
				ENABLE_NS_ASSERTIONS = NO;
				ENABLE_STRICT_OBJC_MSGSEND = YES;
				GCC_C_LANGUAGE_STANDARD = gnu11;
				GCC_NO_COMMON_BLOCKS = YES;
				GCC_WARN_64_TO_32_BIT_CONVERSION = YES;
				GCC_WARN_ABOUT_RETURN_TYPE = YES_ERROR;
				GCC_WARN_UNDECLARED_SELECTOR = YES;
				GCC_WARN_UNINITIALIZED_AUTOS = YES_AGGRESSIVE;
				GCC_WARN_UNUSED_FUNCTION = YES;
				GCC_WARN_UNUSED_VARIABLE = YES;
				IPHONEOS_DEPLOYMENT_TARGET = 16.2;
				MTL_ENABLE_DEBUG_INFO = NO;
				MTL_FAST_MATH = YES;
				SDKROOT = iphoneos;
				SWIFT_COMPILATION_MODE = wholemodule;
				SWIFT_OPTIMIZATION_LEVEL = "-O";
				VALIDATE_PRODUCT = YES;
			};
			name = Release;
		};
		8C5F34992A7C1F4000E09D43 /* Debug */ = {
			isa = XCBuildConfiguration;
			baseConfigurationReference = A12AFE12E280BBDB488BAFEC /* Pods-reciptApp.debug.xcconfig */;
			buildSettings = {
				ASSETCATALOG_COMPILER_APPICON_NAME = AppIcon;
				ASSETCATALOG_COMPILER_GLOBAL_ACCENT_COLOR_NAME = AccentColor;
				CODE_SIGN_STYLE = Automatic;
				CURRENT_PROJECT_VERSION = 1;
				GENERATE_INFOPLIST_FILE = YES;
				INFOPLIST_FILE = reciptApp/Info.plist;
				INFOPLIST_KEY_UIApplicationSupportsIndirectInputEvents = YES;
				INFOPLIST_KEY_UILaunchStoryboardName = LaunchScreen;
				INFOPLIST_KEY_UIMainStoryboardFile = List;
				INFOPLIST_KEY_UISupportedInterfaceOrientations_iPad = "UIInterfaceOrientationPortrait UIInterfaceOrientationPortraitUpsideDown UIInterfaceOrientationLandscapeLeft UIInterfaceOrientationLandscapeRight";
				INFOPLIST_KEY_UISupportedInterfaceOrientations_iPhone = "UIInterfaceOrientationPortrait UIInterfaceOrientationLandscapeLeft UIInterfaceOrientationLandscapeRight";
				LD_RUNPATH_SEARCH_PATHS = (
					"$(inherited)",
					"@executable_path/Frameworks",
				);
				MARKETING_VERSION = 1.0;
				PRODUCT_BUNDLE_IDENTIFIER = fri.reciptApp;
				PRODUCT_NAME = "$(TARGET_NAME)";
				SWIFT_EMIT_LOC_STRINGS = YES;
				SWIFT_VERSION = 5.0;
				TARGETED_DEVICE_FAMILY = "1,2";
			};
			name = Debug;
		};
		8C5F349A2A7C1F4000E09D43 /* Release */ = {
			isa = XCBuildConfiguration;
			baseConfigurationReference = F9B235D4007EA868DAA0DDA8 /* Pods-reciptApp.release.xcconfig */;
			buildSettings = {
				ASSETCATALOG_COMPILER_APPICON_NAME = AppIcon;
				ASSETCATALOG_COMPILER_GLOBAL_ACCENT_COLOR_NAME = AccentColor;
				CODE_SIGN_STYLE = Automatic;
				CURRENT_PROJECT_VERSION = 1;
				GENERATE_INFOPLIST_FILE = YES;
				INFOPLIST_FILE = reciptApp/Info.plist;
				INFOPLIST_KEY_UIApplicationSupportsIndirectInputEvents = YES;
				INFOPLIST_KEY_UILaunchStoryboardName = LaunchScreen;
				INFOPLIST_KEY_UIMainStoryboardFile = List;
				INFOPLIST_KEY_UISupportedInterfaceOrientations_iPad = "UIInterfaceOrientationPortrait UIInterfaceOrientationPortraitUpsideDown UIInterfaceOrientationLandscapeLeft UIInterfaceOrientationLandscapeRight";
				INFOPLIST_KEY_UISupportedInterfaceOrientations_iPhone = "UIInterfaceOrientationPortrait UIInterfaceOrientationLandscapeLeft UIInterfaceOrientationLandscapeRight";
				LD_RUNPATH_SEARCH_PATHS = (
					"$(inherited)",
					"@executable_path/Frameworks",
				);
				MARKETING_VERSION = 1.0;
				PRODUCT_BUNDLE_IDENTIFIER = fri.reciptApp;
				PRODUCT_NAME = "$(TARGET_NAME)";
				SWIFT_EMIT_LOC_STRINGS = YES;
				SWIFT_VERSION = 5.0;
				TARGETED_DEVICE_FAMILY = "1,2";
			};
			name = Release;
		};
/* End XCBuildConfiguration section */

/* Begin XCConfigurationList section */
		8C5F347F2A7C1F3900E09D43 /* Build configuration list for PBXProject "reciptApp" */ = {
			isa = XCConfigurationList;
			buildConfigurations = (
				8C5F34962A7C1F4000E09D43 /* Debug */,
				8C5F34972A7C1F4000E09D43 /* Release */,
			);
			defaultConfigurationIsVisible = 0;
			defaultConfigurationName = Release;
		};
		8C5F34982A7C1F4000E09D43 /* Build configuration list for PBXNativeTarget "reciptApp" */ = {
			isa = XCConfigurationList;
			buildConfigurations = (
				8C5F34992A7C1F4000E09D43 /* Debug */,
				8C5F349A2A7C1F4000E09D43 /* Release */,
			);
			defaultConfigurationIsVisible = 0;
			defaultConfigurationName = Release;
		};
/* End XCConfigurationList section */
	};
	rootObject = 8C5F347C2A7C1F3900E09D43 /* Project object */;
}
